
Microsoft Visual Studio Solution File, Format Version 12.00
# Visual Studio 15
VisualStudioVersion = 15.0.28307.645
MinimumVisualStudioVersion = 10.0.40219.1
Project("{FAE04EC0-301F-11D3-BF4B-00C04F79EFBC}") = "Task1", "HSE Practics\Task1.csproj", "{EA85A826-0F99-4790-ADC2-C2AB2094512F}"
EndProject
Project("{FAE04EC0-301F-11D3-BF4B-00C04F79EFBC}") = "Task2", "Task2\Task2.csproj", "{92C5AE0F-DEF0-4616-AFB8-28046A6DC87B}"
EndProject
Project("{FAE04EC0-301F-11D3-BF4B-00C04F79EFBC}") = "Task3", "Task3\Task3.csproj", "{AE38DD2A-BAEA-4884-AF9F-FC972C9EA53A}"
EndProject
Global
	GlobalSection(SolutionConfigurationPlatforms) = preSolution
		Debug|Any CPU = Debug|Any CPU
		Release|Any CPU = Release|Any CPU
	EndGlobalSection
	GlobalSection(ProjectConfigurationPlatforms) = postSolution
		{EA85A826-0F99-4790-ADC2-C2AB2094512F}.Debug|Any CPU.ActiveCfg = Debug|Any CPU
		{EA85A826-0F99-4790-ADC2-C2AB2094512F}.Debug|Any CPU.Build.0 = Debug|Any CPU
		{EA85A826-0F99-4790-ADC2-C2AB2094512F}.Release|Any CPU.ActiveCfg = Release|Any CPU
		{EA85A826-0F99-4790-ADC2-C2AB2094512F}.Release|Any CPU.Build.0 = Release|Any CPU
		{92C5AE0F-DEF0-4616-AFB8-28046A6DC87B}.Debug|Any CPU.ActiveCfg = Debug|Any CPU
		{92C5AE0F-DEF0-4616-AFB8-28046A6DC87B}.Debug|Any CPU.Build.0 = Debug|Any CPU
		{92C5AE0F-DEF0-4616-AFB8-28046A6DC87B}.Release|Any CPU.ActiveCfg = Release|Any CPU
		{92C5AE0F-DEF0-4616-AFB8-28046A6DC87B}.Release|Any CPU.Build.0 = Release|Any CPU
		{AE38DD2A-BAEA-4884-AF9F-FC972C9EA53A}.Debug|Any CPU.ActiveCfg = Debug|Any CPU
		{AE38DD2A-BAEA-4884-AF9F-FC972C9EA53A}.Debug|Any CPU.Build.0 = Debug|Any CPU
		{AE38DD2A-BAEA-4884-AF9F-FC972C9EA53A}.Release|Any CPU.ActiveCfg = Release|Any CPU
		{AE38DD2A-BAEA-4884-AF9F-FC972C9EA53A}.Release|Any CPU.Build.0 = Release|Any CPU
	EndGlobalSection
	GlobalSection(SolutionProperties) = preSolution
		HideSolutionNode = FALSE
	EndGlobalSection
	GlobalSection(ExtensibilityGlobals) = postSolution
		SolutionGuid = {5359B0A8-4DB9-46A6-AC74-F417F73A82C9}
	EndGlobalSection
EndGlobal
